# THIS IS AN AUTOGENERATED FILE. DO NOT EDIT THIS FILE DIRECTLY.
# yarn lockfile v1


"@esbuild/android-arm64@0.16.17":
  version "0.16.17"
  resolved "https://registry.yarnpkg.com/@esbuild/android-arm64/-/android-arm64-0.16.17.tgz#cf91e86df127aa3d141744edafcba0abdc577d23"
  integrity sha512-MIGl6p5sc3RDTLLkYL1MyL8BMRN4tLMRCn+yRJJmEDvYZ2M7tmAf80hx1kbNEUX2KJ50RRtxZ4JHLvCfuB6kBg==

"@esbuild/android-arm@0.16.17":
  version "0.16.17"
  resolved "https://registry.yarnpkg.com/@esbuild/android-arm/-/android-arm-0.16.17.tgz#025b6246d3f68b7bbaa97069144fb5fb70f2fff2"
  integrity sha512-N9x1CMXVhtWEAMS7pNNONyA14f71VPQN9Cnavj1XQh6T7bskqiLLrSca4O0Vr8Wdcga943eThxnVp3JLnBMYtw==

"@esbuild/android-x64@0.16.17":
  version "0.16.17"
  resolved "https://registry.yarnpkg.com/@esbuild/android-x64/-/android-x64-0.16.17.tgz#c820e0fef982f99a85c4b8bfdd582835f04cd96e"
  integrity sha512-a3kTv3m0Ghh4z1DaFEuEDfz3OLONKuFvI4Xqczqx4BqLyuFaFkuaG4j2MtA6fuWEFeC5x9IvqnX7drmRq/fyAQ==

"@esbuild/darwin-arm64@0.16.17":
  version "0.16.17"
  resolved "https://registry.yarnpkg.com/@esbuild/darwin-arm64/-/darwin-arm64-0.16.17.tgz#edef4487af6b21afabba7be5132c26d22379b220"
  integrity sha512-/2agbUEfmxWHi9ARTX6OQ/KgXnOWfsNlTeLcoV7HSuSTv63E4DqtAc+2XqGw1KHxKMHGZgbVCZge7HXWX9Vn+w==

"@esbuild/darwin-x64@0.16.17":
  version "0.16.17"
  resolved "https://registry.npmjs.org/@esbuild/darwin-x64/-/darwin-x64-0.16.17.tgz"
  integrity sha512-2By45OBHulkd9Svy5IOCZt376Aa2oOkiE9QWUK9fe6Tb+WDr8hXL3dpqi+DeLiMed8tVXspzsTAvd0jUl96wmg==

"@esbuild/freebsd-arm64@0.16.17":
  version "0.16.17"
  resolved "https://registry.yarnpkg.com/@esbuild/freebsd-arm64/-/freebsd-arm64-0.16.17.tgz#1f4af488bfc7e9ced04207034d398e793b570a27"
  integrity sha512-mt+cxZe1tVx489VTb4mBAOo2aKSnJ33L9fr25JXpqQqzbUIw/yzIzi+NHwAXK2qYV1lEFp4OoVeThGjUbmWmdw==

"@esbuild/freebsd-x64@0.16.17":
  version "0.16.17"
  resolved "https://registry.yarnpkg.com/@esbuild/freebsd-x64/-/freebsd-x64-0.16.17.tgz#636306f19e9bc981e06aa1d777302dad8fddaf72"
  integrity sha512-8ScTdNJl5idAKjH8zGAsN7RuWcyHG3BAvMNpKOBaqqR7EbUhhVHOqXRdL7oZvz8WNHL2pr5+eIT5c65kA6NHug==

"@esbuild/linux-arm64@0.16.17":
  version "0.16.17"
  resolved "https://registry.yarnpkg.com/@esbuild/linux-arm64/-/linux-arm64-0.16.17.tgz#a003f7ff237c501e095d4f3a09e58fc7b25a4aca"
  integrity sha512-7S8gJnSlqKGVJunnMCrXHU9Q8Q/tQIxk/xL8BqAP64wchPCTzuM6W3Ra8cIa1HIflAvDnNOt2jaL17vaW+1V0g==

"@esbuild/linux-arm@0.16.17":
  version "0.16.17"
  resolved "https://registry.yarnpkg.com/@esbuild/linux-arm/-/linux-arm-0.16.17.tgz#b591e6a59d9c4fe0eeadd4874b157ab78cf5f196"
  integrity sha512-iihzrWbD4gIT7j3caMzKb/RsFFHCwqqbrbH9SqUSRrdXkXaygSZCZg1FybsZz57Ju7N/SHEgPyaR0LZ8Zbe9gQ==

"@esbuild/linux-ia32@0.16.17":
  version "0.16.17"
  resolved "https://registry.yarnpkg.com/@esbuild/linux-ia32/-/linux-ia32-0.16.17.tgz#24333a11027ef46a18f57019450a5188918e2a54"
  integrity sha512-kiX69+wcPAdgl3Lonh1VI7MBr16nktEvOfViszBSxygRQqSpzv7BffMKRPMFwzeJGPxcio0pdD3kYQGpqQ2SSg==

"@esbuild/linux-loong64@0.16.17":
  version "0.16.17"
  resolved "https://registry.yarnpkg.com/@esbuild/linux-loong64/-/linux-loong64-0.16.17.tgz#d5ad459d41ed42bbd4d005256b31882ec52227d8"
  integrity sha512-dTzNnQwembNDhd654cA4QhbS9uDdXC3TKqMJjgOWsC0yNCbpzfWoXdZvp0mY7HU6nzk5E0zpRGGx3qoQg8T2DQ==

"@esbuild/linux-mips64el@0.16.17":
  version "0.16.17"
  resolved "https://registry.yarnpkg.com/@esbuild/linux-mips64el/-/linux-mips64el-0.16.17.tgz#4e5967a665c38360b0a8205594377d4dcf9c3726"
  integrity sha512-ezbDkp2nDl0PfIUn0CsQ30kxfcLTlcx4Foz2kYv8qdC6ia2oX5Q3E/8m6lq84Dj/6b0FrkgD582fJMIfHhJfSw==

"@esbuild/linux-ppc64@0.16.17":
  version "0.16.17"
  resolved "https://registry.yarnpkg.com/@esbuild/linux-ppc64/-/linux-ppc64-0.16.17.tgz#206443a02eb568f9fdf0b438fbd47d26e735afc8"
  integrity sha512-dzS678gYD1lJsW73zrFhDApLVdM3cUF2MvAa1D8K8KtcSKdLBPP4zZSLy6LFZ0jYqQdQ29bjAHJDgz0rVbLB3g==

"@esbuild/linux-riscv64@0.16.17":
  version "0.16.17"
  resolved "https://registry.yarnpkg.com/@esbuild/linux-riscv64/-/linux-riscv64-0.16.17.tgz#c351e433d009bf256e798ad048152c8d76da2fc9"
  integrity sha512-ylNlVsxuFjZK8DQtNUwiMskh6nT0vI7kYl/4fZgV1llP5d6+HIeL/vmmm3jpuoo8+NuXjQVZxmKuhDApK0/cKw==

"@esbuild/linux-s390x@0.16.17":
  version "0.16.17"
  resolved "https://registry.yarnpkg.com/@esbuild/linux-s390x/-/linux-s390x-0.16.17.tgz#661f271e5d59615b84b6801d1c2123ad13d9bd87"
  integrity sha512-gzy7nUTO4UA4oZ2wAMXPNBGTzZFP7mss3aKR2hH+/4UUkCOyqmjXiKpzGrY2TlEUhbbejzXVKKGazYcQTZWA/w==

"@esbuild/linux-x64@0.16.17":
  version "0.16.17"
  resolved "https://registry.yarnpkg.com/@esbuild/linux-x64/-/linux-x64-0.16.17.tgz#e4ba18e8b149a89c982351443a377c723762b85f"
  integrity sha512-mdPjPxfnmoqhgpiEArqi4egmBAMYvaObgn4poorpUaqmvzzbvqbowRllQ+ZgzGVMGKaPkqUmPDOOFQRUFDmeUw==

"@esbuild/netbsd-x64@0.16.17":
  version "0.16.17"
  resolved "https://registry.yarnpkg.com/@esbuild/netbsd-x64/-/netbsd-x64-0.16.17.tgz#7d4f4041e30c5c07dd24ffa295c73f06038ec775"
  integrity sha512-/PzmzD/zyAeTUsduZa32bn0ORug+Jd1EGGAUJvqfeixoEISYpGnAezN6lnJoskauoai0Jrs+XSyvDhppCPoKOA==

"@esbuild/openbsd-x64@0.16.17":
  version "0.16.17"
  resolved "https://registry.yarnpkg.com/@esbuild/openbsd-x64/-/openbsd-x64-0.16.17.tgz#970fa7f8470681f3e6b1db0cc421a4af8060ec35"
  integrity sha512-2yaWJhvxGEz2RiftSk0UObqJa/b+rIAjnODJgv2GbGGpRwAfpgzyrg1WLK8rqA24mfZa9GvpjLcBBg8JHkoodg==

"@esbuild/sunos-x64@0.16.17":
  version "0.16.17"
  resolved "https://registry.yarnpkg.com/@esbuild/sunos-x64/-/sunos-x64-0.16.17.tgz#abc60e7c4abf8b89fb7a4fe69a1484132238022c"
  integrity sha512-xtVUiev38tN0R3g8VhRfN7Zl42YCJvyBhRKw1RJjwE1d2emWTVToPLNEQj/5Qxc6lVFATDiy6LjVHYhIPrLxzw==

"@esbuild/win32-arm64@0.16.17":
  version "0.16.17"
  resolved "https://registry.yarnpkg.com/@esbuild/win32-arm64/-/win32-arm64-0.16.17.tgz#7b0ff9e8c3265537a7a7b1fd9a24e7bd39fcd87a"
  integrity sha512-ga8+JqBDHY4b6fQAmOgtJJue36scANy4l/rL97W+0wYmijhxKetzZdKOJI7olaBaMhWt8Pac2McJdZLxXWUEQw==

"@esbuild/win32-ia32@0.16.17":
  version "0.16.17"
  resolved "https://registry.yarnpkg.com/@esbuild/win32-ia32/-/win32-ia32-0.16.17.tgz#e90fe5267d71a7b7567afdc403dfd198c292eb09"
  integrity sha512-WnsKaf46uSSF/sZhwnqE4L/F89AYNMiD4YtEcYekBt9Q7nj0DiId2XH2Ng2PHM54qi5oPrQ8luuzGszqi/veig==

"@esbuild/win32-x64@0.16.17":
  version "0.16.17"
  resolved "https://registry.yarnpkg.com/@esbuild/win32-x64/-/win32-x64-0.16.17.tgz#c5a1a4bfe1b57f0c3e61b29883525c6da3e5c091"
  integrity sha512-y+EHuSchhL7FjHgvQL/0fnnFmO4T1bhvWANX6gcnqTjtnKWbTvUMCpGnv2+t+31d7RzyEAYAd4u2fnIhHL6N/Q==

"@types/glob@^8.0.1":
  version "8.0.1"
  resolved "https://registry.yarnpkg.com/@types/glob/-/glob-8.0.1.tgz#6e3041640148b7764adf21ce5c7138ad454725b0"
  integrity sha512-8bVUjXZvJacUFkJXHdyZ9iH1Eaj5V7I8c4NdH5sQJsdXkqT4CA5Dhb4yb4VE/3asyx4L9ayZr1NIhTsWHczmMw==
  dependencies:
    "@types/minimatch" "^5.1.2"
    "@types/node" "*"

"@types/minimatch@^5.1.2":
  version "5.1.2"
  resolved "https://registry.yarnpkg.com/@types/minimatch/-/minimatch-5.1.2.tgz#07508b45797cb81ec3f273011b054cd0755eddca"
  integrity sha512-K0VQKziLUWkVKiRVrx4a40iPaxTUefQmjtkQofBkYRcoaaL/8rhwDWww9qWbrgicNOgnpIsMxyNIUM4+n6dUIA==

"@types/node@*":
  version "18.11.18"
  resolved "https://registry.yarnpkg.com/@types/node/-/node-18.11.18.tgz#8dfb97f0da23c2293e554c5a50d61ef134d7697f"
  integrity sha512-DHQpWGjyQKSHj3ebjFI/wRKcqQcdR+MoFBygntYOZytCqNfkd2ZC4ARDJ2DQqhjH5p85Nnd3jhUJIXrszFX/JA==

"@types/node@^16.18.11":
  version "16.18.11"
  resolved "https://registry.yarnpkg.com/@types/node/-/node-16.18.11.tgz#cbb15c12ca7c16c85a72b6bdc4d4b01151bb3cae"
  integrity sha512-3oJbGBUWuS6ahSnEq1eN2XrCyf4YsWI8OyCvo7c64zQJNplk3mO84t53o8lfTk+2ji59g5ycfc6qQ3fdHliHuA==

balanced-match@^1.0.0:
  version "1.0.2"
  resolved "https://registry.npmjs.org/balanced-match/-/balanced-match-1.0.2.tgz"
  integrity sha512-3oSeUO0TMV67hN1AmbXsK4yaqU7tjiHlbxRDZOpH0KW9+CeX4bRAaX0Anxt0tx2MrpRpWwQaPwIlISEJhYU5Pw==

brace-expansion@^2.0.1:
  version "2.0.1"
  resolved "https://registry.npmjs.org/brace-expansion/-/brace-expansion-2.0.1.tgz"
  integrity sha512-XnAIvQ8eM+kC6aULx6wuQiwVsnzsi9d3WxzV3FpWTGA19F621kwdbsAcFKXgKUHZWsy+mY6iL1sHTxWEFCytDA==
  dependencies:
    balanced-match "^1.0.0"

esbuild@^0.16.2:
  version "0.16.17"
  resolved "https://registry.npmjs.org/esbuild/-/esbuild-0.16.17.tgz"
  integrity sha512-G8LEkV0XzDMNwXKgM0Jwu3nY3lSTwSGY6XbxM9cr9+s0T/qSV1q1JVPBGzm3dcjhCic9+emZDmMffkwgPeOeLg==
  optionalDependencies:
    "@esbuild/android-arm" "0.16.17"
    "@esbuild/android-arm64" "0.16.17"
    "@esbuild/android-x64" "0.16.17"
    "@esbuild/darwin-arm64" "0.16.17"
    "@esbuild/darwin-x64" "0.16.17"
    "@esbuild/freebsd-arm64" "0.16.17"
    "@esbuild/freebsd-x64" "0.16.17"
    "@esbuild/linux-arm" "0.16.17"
    "@esbuild/linux-arm64" "0.16.17"
    "@esbuild/linux-ia32" "0.16.17"
    "@esbuild/linux-loong64" "0.16.17"
    "@esbuild/linux-mips64el" "0.16.17"
    "@esbuild/linux-ppc64" "0.16.17"
    "@esbuild/linux-riscv64" "0.16.17"
    "@esbuild/linux-s390x" "0.16.17"
    "@esbuild/linux-x64" "0.16.17"
    "@esbuild/netbsd-x64" "0.16.17"
    "@esbuild/openbsd-x64" "0.16.17"
    "@esbuild/sunos-x64" "0.16.17"
    "@esbuild/win32-arm64" "0.16.17"
    "@esbuild/win32-ia32" "0.16.17"
    "@esbuild/win32-x64" "0.16.17"

fs.realpath@^1.0.0:
  version "1.0.0"
  resolved "https://registry.npmjs.org/fs.realpath/-/fs.realpath-1.0.0.tgz"
  integrity sha512-OO0pH2lK6a0hZnAdau5ItzHPI6pUlvI7jMVnxUQRtw4owF2wk8lOSabtGDCTP4Ggrg2MbGnWO9X8K1t4+fGMDw==

glob@^8.0.3:
  version "8.1.0"
  resolved "https://registry.npmjs.org/glob/-/glob-8.1.0.tgz"
  integrity sha512-r8hpEjiQEYlF2QU0df3dS+nxxSIreXQS1qRhMJM0Q5NDdR386C7jb7Hwwod8Fgiuex+k0GFjgft18yvxm5XoCQ==
  dependencies:
    fs.realpath "^1.0.0"
    inflight "^1.0.4"
    inherits "2"
    minimatch "^5.0.1"
    once "^1.3.0"

inflight@^1.0.4:
  version "1.0.6"
  resolved "https://registry.npmjs.org/inflight/-/inflight-1.0.6.tgz"
  integrity sha512-k92I/b08q4wvFscXCLvqfsHCrjrF7yiXsQuIVvVE7N82W3+aqpzuUdBbfhWcy/FZR3/4IgflMgKLOsvPDrGCJA==
  dependencies:
    once "^1.3.0"
    wrappy "1"

inherits@2:
  version "2.0.4"
  resolved "https://registry.npmjs.org/inherits/-/inherits-2.0.4.tgz"
  integrity sha512-k/vGaX4/Yla3WzyMCvTQOXYeIHvqOKtnqBduzTHpzpQZzAskKMhZ2K+EnBiSM9zGSoIFeMpXKxa4dYeZIQqewQ==

minimatch@^5.0.1:
  version "5.1.6"
  resolved "https://registry.npmjs.org/minimatch/-/minimatch-5.1.6.tgz"
  integrity sha512-lKwV/1brpG6mBUFHtb7NUmtABCb2WZZmm2wNiOA5hAb8VdCS4B3dtMWyvcoViccwAW/COERjXLt0zP1zXUN26g==
  dependencies:
    brace-expansion "^2.0.1"

once@^1.3.0:
  version "1.4.0"
  resolved "https://registry.npmjs.org/once/-/once-1.4.0.tgz"
  integrity sha512-lNaJgI+2Q5URQBkccEKHTQOPaXdUxnZZElQTZY0MFUAuaEqe1E+Nyvgdz/aIyNi6Z9MzO5dv1H8n58/GELp3+w==
  dependencies:
    wrappy "1"

typescript@^4.9.4:
  version "4.9.4"
  resolved "https://registry.npmjs.org/typescript/-/typescript-4.9.4.tgz"
  integrity sha512-Uz+dTXYzxXXbsFpM86Wh3dKCxrQqUcVMxwU54orwlJjOpO3ao8L7j5lH+dWfTwgCwIuM9GQ2kvVotzYJMXTBZg==

wrappy@1:
  version "1.0.2"
  resolved "https://registry.npmjs.org/wrappy/-/wrappy-1.0.2.tgz"
  integrity sha512-l4Sp/DRseor9wL6EvV2+TuQn63dMkPjZ/sp9XkghTEbV9KlPS1xUsZ3u7/IQO4wxtcFB4bgpQPRcR3QCvezPcQ==
